{
  "requires": true,
  "lockfileVersion": 1,
  "dependencies": {
    "types-registry": {
      "version": "0.1.681",
      "resolved": "https://registry.npmjs.org/types-registry/-/types-registry-0.1.681.tgz",
      "integrity": "sha512-bdoqazMMaAbM+7WWofYFTIu6vAawJYbEFeTifqxZLZaB+cPDeWdYtMiIb7ebUsGRMkaCuXS+llj3uHSHYRp7Ng=="
    }
  }
}
